{
  "requires": true,
  "lockfileVersion": 1,
  "dependencies": {
    "@angular/material": {
      "version": "9.2.1",
      "resolved": "https://registry.npmjs.org/@angular/material/-/material-9.2.1.tgz",
      "integrity": "sha512-nqn/0Eg04DxwnkRGSM1xnmGgtfHYOBcEPbFeTu8c1qAbjFEozd6tpw4y6dQrCCL/JLNIRQPsxsUsVnKeWDF/4Q=="
    }
  }
}
